// !$*UTF8*$!
{
	archiveVersion = 1;
	classes = {
	};
	objectVersion = 46;
	objects = {

/* Begin PBXBuildFile section */
		4BA93AEF50BF8356AC02C92F /* Pods_tripPlannerTests.framework in Frameworks */ = {isa = PBXBuildFile; fileRef = BACF6F0B86B1CFD0CF9B70D3 /* Pods_tripPlannerTests.framework */; };
		962430E31BD4085F002ED708 /* AppDelegate.swift in Sources */ = {isa = PBXBuildFile; fileRef = 962430E21BD4085F002ED708 /* AppDelegate.swift */; };
		962430E81BD4085F002ED708 /* Main.storyboard in Resources */ = {isa = PBXBuildFile; fileRef = 962430E61BD4085F002ED708 /* Main.storyboard */; };
		962430EB1BD4085F002ED708 /* tripPlanner.xcdatamodeld in Sources */ = {isa = PBXBuildFile; fileRef = 962430E91BD4085F002ED708 /* tripPlanner.xcdatamodeld */; };
		962430ED1BD4085F002ED708 /* Assets.xcassets in Resources */ = {isa = PBXBuildFile; fileRef = 962430EC1BD4085F002ED708 /* Assets.xcassets */; };
		962430F01BD4085F002ED708 /* LaunchScreen.storyboard in Resources */ = {isa = PBXBuildFile; fileRef = 962430EE1BD4085F002ED708 /* LaunchScreen.storyboard */; };
		962430FB1BD4085F002ED708 /* tripPlannerTests.swift in Sources */ = {isa = PBXBuildFile; fileRef = 962430FA1BD4085F002ED708 /* tripPlannerTests.swift */; };
		962431061BD4085F002ED708 /* tripPlannerUITests.swift in Sources */ = {isa = PBXBuildFile; fileRef = 962431051BD4085F002ED708 /* tripPlannerUITests.swift */; };
		9625F0EF1BE94F1E007DD650 /* Trip+CoreDataProperties.swift in Sources */ = {isa = PBXBuildFile; fileRef = 9625F0EB1BE94F1E007DD650 /* Trip+CoreDataProperties.swift */; };
		9625F0F01BE94F1E007DD650 /* Trip.swift in Sources */ = {isa = PBXBuildFile; fileRef = 9625F0EC1BE94F1E007DD650 /* Trip.swift */; };
		9625F0F11BE94F1E007DD650 /* Waypoint+CoreDataProperties.swift in Sources */ = {isa = PBXBuildFile; fileRef = 9625F0ED1BE94F1E007DD650 /* Waypoint+CoreDataProperties.swift */; };
		9625F0F21BE94F1E007DD650 /* Waypoint.swift in Sources */ = {isa = PBXBuildFile; fileRef = 9625F0EE1BE94F1E007DD650 /* Waypoint.swift */; };
		9625F0F41BEA5C9A007DD650 /* displayWaypointMapViewController.swift in Sources */ = {isa = PBXBuildFile; fileRef = 9625F0F31BEA5C9A007DD650 /* displayWaypointMapViewController.swift */; };
		9681658F1BDAA9F8005D03DF /* AddWaypointViewController.swift in Sources */ = {isa = PBXBuildFile; fileRef = 9681658E1BDAA9F7005D03DF /* AddWaypointViewController.swift */; };
		96E89CA41BD446D8007DB51C /* tripPlannerTableViewController.swift in Sources */ = {isa = PBXBuildFile; fileRef = 96E89CA31BD446D8007DB51C /* tripPlannerTableViewController.swift */; };
		96E8CD8B1BE28B4700CFF004 /* WaypointsTableViewController.swift in Sources */ = {isa = PBXBuildFile; fileRef = 96E8CD8A1BE28B4700CFF004 /* WaypointsTableViewController.swift */; };
		AFF710043745F23AD3F61327 /* Pods_tripPlanner.framework in Frameworks */ = {isa = PBXBuildFile; fileRef = BE83C2BA289D32EBB912583C /* Pods_tripPlanner.framework */; };
		C65808DB83DD13F77855952E /* Pods.framework in Frameworks */ = {isa = PBXBuildFile; fileRef = 620D3ABCD7C40CBBD39FAB98 /* Pods.framework */; };
/* End PBXBuildFile section */

/* Begin PBXContainerItemProxy section */
		962430F71BD4085F002ED708 /* PBXContainerItemProxy */ = {
			isa = PBXContainerItemProxy;
			containerPortal = 962430D71BD4085F002ED708 /* Project object */;
			proxyType = 1;
			remoteGlobalIDString = 962430DE1BD4085F002ED708;
			remoteInfo = tripPlanner;
		};
		962431021BD4085F002ED708 /* PBXContainerItemProxy */ = {
			isa = PBXContainerItemProxy;
			containerPortal = 962430D71BD4085F002ED708 /* Project object */;
			proxyType = 1;
			remoteGlobalIDString = 962430DE1BD4085F002ED708;
			remoteInfo = tripPlanner;
		};
/* End PBXContainerItemProxy section */

/* Begin PBXFileReference section */
		5DD1138065B837F8B9A7AC98 /* Pods-tripPlannerTests.release.xcconfig */ = {isa = PBXFileReference; includeInIndex = 1; lastKnownFileType = text.xcconfig; name = "Pods-tripPlannerTests.release.xcconfig"; path = "Pods/Target Support Files/Pods-tripPlannerTests/Pods-tripPlannerTests.release.xcconfig"; sourceTree = "<group>"; };
		620D3ABCD7C40CBBD39FAB98 /* Pods.framework */ = {isa = PBXFileReference; explicitFileType = wrapper.framework; includeInIndex = 0; path = Pods.framework; sourceTree = BUILT_PRODUCTS_DIR; };
		72C04F1ED6B92E703E499C25 /* Pods-tripPlannerTests.debug.xcconfig */ = {isa = PBXFileReference; includeInIndex = 1; lastKnownFileType = text.xcconfig; name = "Pods-tripPlannerTests.debug.xcconfig"; path = "Pods/Target Support Files/Pods-tripPlannerTests/Pods-tripPlannerTests.debug.xcconfig"; sourceTree = "<group>"; };
		962430DF1BD4085F002ED708 /* tripPlanner.app */ = {isa = PBXFileReference; explicitFileType = wrapper.application; includeInIndex = 0; path = tripPlanner.app; sourceTree = BUILT_PRODUCTS_DIR; };
		962430E21BD4085F002ED708 /* AppDelegate.swift */ = {isa = PBXFileReference; lastKnownFileType = sourcecode.swift; path = AppDelegate.swift; sourceTree = "<group>"; };
		962430E71BD4085F002ED708 /* Base */ = {isa = PBXFileReference; lastKnownFileType = file.storyboard; name = Base; path = Base.lproj/Main.storyboard; sourceTree = "<group>"; };
		962430EA1BD4085F002ED708 /* tripPlanner.xcdatamodel */ = {isa = PBXFileReference; lastKnownFileType = wrapper.xcdatamodel; path = tripPlanner.xcdatamodel; sourceTree = "<group>"; };
		962430EC1BD4085F002ED708 /* Assets.xcassets */ = {isa = PBXFileReference; lastKnownFileType = folder.assetcatalog; path = Assets.xcassets; sourceTree = "<group>"; };
		962430EF1BD4085F002ED708 /* Base */ = {isa = PBXFileReference; lastKnownFileType = file.storyboard; name = Base; path = Base.lproj/LaunchScreen.storyboard; sourceTree = "<group>"; };
		962430F11BD4085F002ED708 /* Info.plist */ = {isa = PBXFileReference; lastKnownFileType = text.plist.xml; path = Info.plist; sourceTree = "<group>"; };
		962430F61BD4085F002ED708 /* tripPlannerTests.xctest */ = {isa = PBXFileReference; explicitFileType = wrapper.cfbundle; includeInIndex = 0; path = tripPlannerTests.xctest; sourceTree = BUILT_PRODUCTS_DIR; };
		962430FA1BD4085F002ED708 /* tripPlannerTests.swift */ = {isa = PBXFileReference; lastKnownFileType = sourcecode.swift; path = tripPlannerTests.swift; sourceTree = "<group>"; };
		962430FC1BD4085F002ED708 /* Info.plist */ = {isa = PBXFileReference; lastKnownFileType = text.plist.xml; path = Info.plist; sourceTree = "<group>"; };
		962431011BD4085F002ED708 /* tripPlannerUITests.xctest */ = {isa = PBXFileReference; explicitFileType = wrapper.cfbundle; includeInIndex = 0; path = tripPlannerUITests.xctest; sourceTree = BUILT_PRODUCTS_DIR; };
		962431051BD4085F002ED708 /* tripPlannerUITests.swift */ = {isa = PBXFileReference; lastKnownFileType = sourcecode.swift; path = tripPlannerUITests.swift; sourceTree = "<group>"; };
		962431071BD4085F002ED708 /* Info.plist */ = {isa = PBXFileReference; lastKnownFileType = text.plist.xml; path = Info.plist; sourceTree = "<group>"; };
		9625F0EB1BE94F1E007DD650 /* Trip+CoreDataProperties.swift */ = {isa = PBXFileReference; fileEncoding = 4; lastKnownFileType = sourcecode.swift; path = "Trip+CoreDataProperties.swift"; sourceTree = "<group>"; };
		9625F0EC1BE94F1E007DD650 /* Trip.swift */ = {isa = PBXFileReference; fileEncoding = 4; lastKnownFileType = sourcecode.swift; path = Trip.swift; sourceTree = "<group>"; };
		9625F0ED1BE94F1E007DD650 /* Waypoint+CoreDataProperties.swift */ = {isa = PBXFileReference; fileEncoding = 4; lastKnownFileType = sourcecode.swift; path = "Waypoint+CoreDataProperties.swift"; sourceTree = "<group>"; };
		9625F0EE1BE94F1E007DD650 /* Waypoint.swift */ = {isa = PBXFileReference; fileEncoding = 4; lastKnownFileType = sourcecode.swift; path = Waypoint.swift; sourceTree = "<group>"; };
		9625F0F31BEA5C9A007DD650 /* displayWaypointMapViewController.swift */ = {isa = PBXFileReference; fileEncoding = 4; lastKnownFileType = sourcecode.swift; path = displayWaypointMapViewController.swift; sourceTree = "<group>"; };
		963471AB1BE2F9FA00B96B52 /* tripPlanner-Bridging-Header.h */ = {isa = PBXFileReference; lastKnownFileType = sourcecode.c.h; path = "tripPlanner-Bridging-Header.h"; sourceTree = "<group>"; };
		9681658E1BDAA9F7005D03DF /* AddWaypointViewController.swift */ = {isa = PBXFileReference; fileEncoding = 4; lastKnownFileType = sourcecode.swift; path = AddWaypointViewController.swift; sourceTree = "<group>"; };
		968165CD1BDAB49B005D03DF /* tripPlanner-Bridging-Header.h */ = {isa = PBXFileReference; lastKnownFileType = sourcecode.c.h; path = "tripPlanner-Bridging-Header.h"; sourceTree = "<group>"; };
		96E89CA31BD446D8007DB51C /* tripPlannerTableViewController.swift */ = {isa = PBXFileReference; fileEncoding = 4; lastKnownFileType = sourcecode.swift; path = tripPlannerTableViewController.swift; sourceTree = "<group>"; };
		96E8CD8A1BE28B4700CFF004 /* WaypointsTableViewController.swift */ = {isa = PBXFileReference; fileEncoding = 4; lastKnownFileType = sourcecode.swift; path = WaypointsTableViewController.swift; sourceTree = "<group>"; };
		BACF6F0B86B1CFD0CF9B70D3 /* Pods_tripPlannerTests.framework */ = {isa = PBXFileReference; explicitFileType = wrapper.framework; includeInIndex = 0; path = Pods_tripPlannerTests.framework; sourceTree = BUILT_PRODUCTS_DIR; };
		BE83C2BA289D32EBB912583C /* Pods_tripPlanner.framework */ = {isa = PBXFileReference; explicitFileType = wrapper.framework; includeInIndex = 0; path = Pods_tripPlanner.framework; sourceTree = BUILT_PRODUCTS_DIR; };
		D4943BCFBCEAFB7EFB12CF50 /* Pods.release.xcconfig */ = {isa = PBXFileReference; includeInIndex = 1; lastKnownFileType = text.xcconfig; name = Pods.release.xcconfig; path = "Pods/Target Support Files/Pods/Pods.release.xcconfig"; sourceTree = "<group>"; };
		E9BB5912702ACD1D1788FEDD /* Pods.debug.xcconfig */ = {isa = PBXFileReference; includeInIndex = 1; lastKnownFileType = text.xcconfig; name = Pods.debug.xcconfig; path = "Pods/Target Support Files/Pods/Pods.debug.xcconfig"; sourceTree = "<group>"; };
/* End PBXFileReference section */

/* Begin PBXFrameworksBuildPhase section */
		962430DC1BD4085F002ED708 /* Frameworks */ = {
			isa = PBXFrameworksBuildPhase;
			buildActionMask = 2147483647;
			files = (
				C65808DB83DD13F77855952E /* Pods.framework in Frameworks */,
				AFF710043745F23AD3F61327 /* Pods_tripPlanner.framework in Frameworks */,
			);
			runOnlyForDeploymentPostprocessing = 0;
		};
		962430F31BD4085F002ED708 /* Frameworks */ = {
			isa = PBXFrameworksBuildPhase;
			buildActionMask = 2147483647;
			files = (
				4BA93AEF50BF8356AC02C92F /* Pods_tripPlannerTests.framework in Frameworks */,
			);
			runOnlyForDeploymentPostprocessing = 0;
		};
		962430FE1BD4085F002ED708 /* Frameworks */ = {
			isa = PBXFrameworksBuildPhase;
			buildActionMask = 2147483647;
			files = (
			);
			runOnlyForDeploymentPostprocessing = 0;
		};
/* End PBXFrameworksBuildPhase section */

/* Begin PBXGroup section */
		177E36EB398D36B702D5D4F4 /* Frameworks */ = {
			isa = PBXGroup;
			children = (
				620D3ABCD7C40CBBD39FAB98 /* Pods.framework */,
				BE83C2BA289D32EBB912583C /* Pods_tripPlanner.framework */,
				BACF6F0B86B1CFD0CF9B70D3 /* Pods_tripPlannerTests.framework */,
			);
			name = Frameworks;
			sourceTree = "<group>";
		};
		3579632B6F29358BF23983A4 /* Pods */ = {
			isa = PBXGroup;
			children = (
				E9BB5912702ACD1D1788FEDD /* Pods.debug.xcconfig */,
				D4943BCFBCEAFB7EFB12CF50 /* Pods.release.xcconfig */,
				72C04F1ED6B92E703E499C25 /* Pods-tripPlannerTests.debug.xcconfig */,
				5DD1138065B837F8B9A7AC98 /* Pods-tripPlannerTests.release.xcconfig */,
			);
			name = Pods;
			sourceTree = "<group>";
		};
		962430D61BD4085F002ED708 = {
			isa = PBXGroup;
			children = (
				962430E11BD4085F002ED708 /* tripPlanner */,
				962430F91BD4085F002ED708 /* tripPlannerTests */,
				962431041BD4085F002ED708 /* tripPlannerUITests */,
				962430E01BD4085F002ED708 /* Products */,
				968165CD1BDAB49B005D03DF /* tripPlanner-Bridging-Header.h */,
				3579632B6F29358BF23983A4 /* Pods */,
				177E36EB398D36B702D5D4F4 /* Frameworks */,
			);
			sourceTree = "<group>";
		};
		962430E01BD4085F002ED708 /* Products */ = {
			isa = PBXGroup;
			children = (
				962430DF1BD4085F002ED708 /* tripPlanner.app */,
				962430F61BD4085F002ED708 /* tripPlannerTests.xctest */,
				962431011BD4085F002ED708 /* tripPlannerUITests.xctest */,
			);
			name = Products;
			sourceTree = "<group>";
		};
		962430E11BD4085F002ED708 /* tripPlanner */ = {
			isa = PBXGroup;
			children = (
				9625F0EB1BE94F1E007DD650 /* Trip+CoreDataProperties.swift */,
				9625F0EC1BE94F1E007DD650 /* Trip.swift */,
				9625F0ED1BE94F1E007DD650 /* Waypoint+CoreDataProperties.swift */,
				9625F0EE1BE94F1E007DD650 /* Waypoint.swift */,
				963471AB1BE2F9FA00B96B52 /* tripPlanner-Bridging-Header.h */,
				962430E61BD4085F002ED708 /* Main.storyboard */,
				96E8CD881BE28A7700CFF004 /* View Controllers */,
				962430E21BD4085F002ED708 /* AppDelegate.swift */,
				962430EC1BD4085F002ED708 /* Assets.xcassets */,
				962430EE1BD4085F002ED708 /* LaunchScreen.storyboard */,
				962430F11BD4085F002ED708 /* Info.plist */,
				962430E91BD4085F002ED708 /* tripPlanner.xcdatamodeld */,
			);
			path = tripPlanner;
			sourceTree = "<group>";
		};
		962430F91BD4085F002ED708 /* tripPlannerTests */ = {
			isa = PBXGroup;
			children = (
				962430FA1BD4085F002ED708 /* tripPlannerTests.swift */,
				962430FC1BD4085F002ED708 /* Info.plist */,
			);
			path = tripPlannerTests;
			sourceTree = "<group>";
		};
		962431041BD4085F002ED708 /* tripPlannerUITests */ = {
			isa = PBXGroup;
			children = (
				962431051BD4085F002ED708 /* tripPlannerUITests.swift */,
				962431071BD4085F002ED708 /* Info.plist */,
			);
			path = tripPlannerUITests;
			sourceTree = "<group>";
		};
		96E8CD881BE28A7700CFF004 /* View Controllers */ = {
			isa = PBXGroup;
			children = (
				96E89CA31BD446D8007DB51C /* tripPlannerTableViewController.swift */,
				9681658E1BDAA9F7005D03DF /* AddWaypointViewController.swift */,
				96E8CD8A1BE28B4700CFF004 /* WaypointsTableViewController.swift */,
				9625F0F31BEA5C9A007DD650 /* displayWaypointMapViewController.swift */,
			);
			name = "View Controllers";
			sourceTree = "<group>";
		};
/* End PBXGroup section */

/* Begin PBXNativeTarget section */
		962430DE1BD4085F002ED708 /* tripPlanner */ = {
			isa = PBXNativeTarget;
			buildConfigurationList = 9624310A1BD4085F002ED708 /* Build configuration list for PBXNativeTarget "tripPlanner" */;
			buildPhases = (
				A96A68165344D695C73F5C59 /* Check Pods Manifest.lock */,
				962430DB1BD4085F002ED708 /* Sources */,
				962430DC1BD4085F002ED708 /* Frameworks */,
				962430DD1BD4085F002ED708 /* Resources */,
				8285F00240B96432E5582FDE /* Embed Pods Frameworks */,
				C0E023ABBEB58CA3D189C06D /* Copy Pods Resources */,
			);
			buildRules = (
			);
			dependencies = (
			);
			name = tripPlanner;
			productName = tripPlanner;
			productReference = 962430DF1BD4085F002ED708 /* tripPlanner.app */;
			productType = "com.apple.product-type.application";
		};
		962430F51BD4085F002ED708 /* tripPlannerTests */ = {
			isa = PBXNativeTarget;
			buildConfigurationList = 9624310D1BD4085F002ED708 /* Build configuration list for PBXNativeTarget "tripPlannerTests" */;
			buildPhases = (
				FA7A15D373F8F08E9F4E8FE3 /* Check Pods Manifest.lock */,
				962430F21BD4085F002ED708 /* Sources */,
				962430F31BD4085F002ED708 /* Frameworks */,
				962430F41BD4085F002ED708 /* Resources */,
				5ED9E941E67548774E90EDC6 /* Embed Pods Frameworks */,
				A06D3E97568997CE7872E195 /* Copy Pods Resources */,
			);
			buildRules = (
			);
			dependencies = (
				962430F81BD4085F002ED708 /* PBXTargetDependency */,
			);
			name = tripPlannerTests;
			productName = tripPlannerTests;
			productReference = 962430F61BD4085F002ED708 /* tripPlannerTests.xctest */;
			productType = "com.apple.product-type.bundle.unit-test";
		};
		962431001BD4085F002ED708 /* tripPlannerUITests */ = {
			isa = PBXNativeTarget;
			buildConfigurationList = 962431101BD4085F002ED708 /* Build configuration list for PBXNativeTarget "tripPlannerUITests" */;
			buildPhases = (
				962430FD1BD4085F002ED708 /* Sources */,
				962430FE1BD4085F002ED708 /* Frameworks */,
				962430FF1BD4085F002ED708 /* Resources */,
			);
			buildRules = (
			);
			dependencies = (
				962431031BD4085F002ED708 /* PBXTargetDependency */,
			);
			name = tripPlannerUITests;
			productName = tripPlannerUITests;
			productReference = 962431011BD4085F002ED708 /* tripPlannerUITests.xctest */;
			productType = "com.apple.product-type.bundle.ui-testing";
		};
/* End PBXNativeTarget section */

/* Begin PBXProject section */
		962430D71BD4085F002ED708 /* Project object */ = {
			isa = PBXProject;
			attributes = {
				LastSwiftUpdateCheck = 0700;
				LastUpgradeCheck = 0700;
				ORGANIZATIONNAME = "Andrei Lyskov";
				TargetAttributes = {
					962430DE1BD4085F002ED708 = {
						CreatedOnToolsVersion = 7.0.1;
					};
					962430F51BD4085F002ED708 = {
						CreatedOnToolsVersion = 7.0.1;
						TestTargetID = 962430DE1BD4085F002ED708;
					};
					962431001BD4085F002ED708 = {
						CreatedOnToolsVersion = 7.0.1;
						TestTargetID = 962430DE1BD4085F002ED708;
					};
				};
			};
			buildConfigurationList = 962430DA1BD4085F002ED708 /* Build configuration list for PBXProject "tripPlanner" */;
			compatibilityVersion = "Xcode 3.2";
			developmentRegion = English;
			hasScannedForEncodings = 0;
			knownRegions = (
				en,
				Base,
			);
			mainGroup = 962430D61BD4085F002ED708;
			productRefGroup = 962430E01BD4085F002ED708 /* Products */;
			projectDirPath = "";
			projectRoot = "";
			targets = (
				962430DE1BD4085F002ED708 /* tripPlanner */,
				962430F51BD4085F002ED708 /* tripPlannerTests */,
				962431001BD4085F002ED708 /* tripPlannerUITests */,
			);
		};
/* End PBXProject section */

/* Begin PBXResourcesBuildPhase section */
		962430DD1BD4085F002ED708 /* Resources */ = {
			isa = PBXResourcesBuildPhase;
			buildActionMask = 2147483647;
			files = (
				962430F01BD4085F002ED708 /* LaunchScreen.storyboard in Resources */,
				962430ED1BD4085F002ED708 /* Assets.xcassets in Resources */,
				962430E81BD4085F002ED708 /* Main.storyboard in Resources */,
			);
			runOnlyForDeploymentPostprocessing = 0;
		};
		962430F41BD4085F002ED708 /* Resources */ = {
			isa = PBXResourcesBuildPhase;
			buildActionMask = 2147483647;
			files = (
			);
			runOnlyForDeploymentPostprocessing = 0;
		};
		962430FF1BD4085F002ED708 /* Resources */ = {
			isa = PBXResourcesBuildPhase;
			buildActionMask = 2147483647;
			files = (
			);
			runOnlyForDeploymentPostprocessing = 0;
		};
/* End PBXResourcesBuildPhase section */

/* Begin PBXShellScriptBuildPhase section */
		5ED9E941E67548774E90EDC6 /* Embed Pods Frameworks */ = {
			isa = PBXShellScriptBuildPhase;
			buildActionMask = 2147483647;
			files = (
			);
			inputPaths = (
			);
			name = "Embed Pods Frameworks";
			outputPaths = (
			);
			runOnlyForDeploymentPostprocessing = 0;
			shellPath = /bin/sh;
			shellScript = "\"${SRCROOT}/Pods/Target Support Files/Pods-tripPlannerTests/Pods-tripPlannerTests-frameworks.sh\"\n";
			showEnvVarsInLog = 0;
		};
		8285F00240B96432E5582FDE /* Embed Pods Frameworks */ = {
			isa = PBXShellScriptBuildPhase;
			buildActionMask = 2147483647;
			files = (
			);
			inputPaths = (
			);
			name = "Embed Pods Frameworks";
			outputPaths = (
			);
			runOnlyForDeploymentPostprocessing = 0;
			shellPath = /bin/sh;
			shellScript = "\"${SRCROOT}/Pods/Target Support Files/Pods-tripPlanner/Pods-tripPlanner-frameworks.sh\"\n";
			showEnvVarsInLog = 0;
		};
		A06D3E97568997CE7872E195 /* Copy Pods Resources */ = {
			isa = PBXShellScriptBuildPhase;
			buildActionMask = 2147483647;
			files = (
			);
			inputPaths = (
			);
			name = "Copy Pods Resources";
			outputPaths = (
			);
			runOnlyForDeploymentPostprocessing = 0;
			shellPath = /bin/sh;
			shellScript = "\"${SRCROOT}/Pods/Target Support Files/Pods-tripPlannerTests/Pods-tripPlannerTests-resources.sh\"\n";
			showEnvVarsInLog = 0;
		};
		A96A68165344D695C73F5C59 /* Check Pods Manifest.lock */ = {
			isa = PBXShellScriptBuildPhase;
			buildActionMask = 2147483647;
			files = (
			);
			inputPaths = (
			);
			name = "Check Pods Manifest.lock";
			outputPaths = (
			);
			runOnlyForDeploymentPostprocessing = 0;
			shellPath = /bin/sh;
			shellScript = "diff \"${PODS_ROOT}/../Podfile.lock\" \"${PODS_ROOT}/Manifest.lock\" > /dev/null\nif [[ $? != 0 ]] ; then\n    cat << EOM\nerror: The sandbox is not in sync with the Podfile.lock. Run 'pod install' or update your CocoaPods installation.\nEOM\n    exit 1\nfi\n";
			showEnvVarsInLog = 0;
		};
		C0E023ABBEB58CA3D189C06D /* Copy Pods Resources */ = {
			isa = PBXShellScriptBuildPhase;
			buildActionMask = 2147483647;
			files = (
			);
			inputPaths = (
			);
			name = "Copy Pods Resources";
			outputPaths = (
			);
			runOnlyForDeploymentPostprocessing = 0;
			shellPath = /bin/sh;
			shellScript = "\"${SRCROOT}/Pods/Target Support Files/Pods-tripPlanner/Pods-tripPlanner-resources.sh\"\n";
			showEnvVarsInLog = 0;
		};
		FA7A15D373F8F08E9F4E8FE3 /* Check Pods Manifest.lock */ = {
			isa = PBXShellScriptBuildPhase;
			buildActionMask = 2147483647;
			files = (
			);
			inputPaths = (
			);
			name = "Check Pods Manifest.lock";
			outputPaths = (
			);
			runOnlyForDeploymentPostprocessing = 0;
			shellPath = /bin/sh;
			shellScript = "diff \"${PODS_ROOT}/../Podfile.lock\" \"${PODS_ROOT}/Manifest.lock\" > /dev/null\nif [[ $? != 0 ]] ; then\n    cat << EOM\nerror: The sandbox is not in sync with the Podfile.lock. Run 'pod install' or update your CocoaPods installation.\nEOM\n    exit 1\nfi\n";
			showEnvVarsInLog = 0;
		};
/* End PBXShellScriptBuildPhase section */

/* Begin PBXSourcesBuildPhase section */
		962430DB1BD4085F002ED708 /* Sources */ = {
			isa = PBXSourcesBuildPhase;
			buildActionMask = 2147483647;
			files = (
				9625F0EF1BE94F1E007DD650 /* Trip+CoreDataProperties.swift in Sources */,
				962430EB1BD4085F002ED708 /* tripPlanner.xcdatamodeld in Sources */,
				96E8CD8B1BE28B4700CFF004 /* WaypointsTableViewController.swift in Sources */,
				9625F0F01BE94F1E007DD650 /* Trip.swift in Sources */,
				96E89CA41BD446D8007DB51C /* tripPlannerTableViewController.swift in Sources */,
				9625F0F41BEA5C9A007DD650 /* displayWaypointMapViewController.swift in Sources */,
				962430E31BD4085F002ED708 /* AppDelegate.swift in Sources */,
				9625F0F11BE94F1E007DD650 /* Waypoint+CoreDataProperties.swift in Sources */,
				9625F0F21BE94F1E007DD650 /* Waypoint.swift in Sources */,
				9681658F1BDAA9F8005D03DF /* AddWaypointViewController.swift in Sources */,
			);
			runOnlyForDeploymentPostprocessing = 0;
		};
		962430F21BD4085F002ED708 /* Sources */ = {
			isa = PBXSourcesBuildPhase;
			buildActionMask = 2147483647;
			files = (
				962430FB1BD4085F002ED708 /* tripPlannerTests.swift in Sources */,
			);
			runOnlyForDeploymentPostprocessing = 0;
		};
		962430FD1BD4085F002ED708 /* Sources */ = {
			isa = PBXSourcesBuildPhase;
			buildActionMask = 2147483647;
			files = (
				962431061BD4085F002ED708 /* tripPlannerUITests.swift in Sources */,
			);
			runOnlyForDeploymentPostprocessing = 0;
		};
/* End PBXSourcesBuildPhase section */

/* Begin PBXTargetDependency section */
		962430F81BD4085F002ED708 /* PBXTargetDependency */ = {
			isa = PBXTargetDependency;
			target = 962430DE1BD4085F002ED708 /* tripPlanner */;
			targetProxy = 962430F71BD4085F002ED708 /* PBXContainerItemProxy */;
		};
		962431031BD4085F002ED708 /* PBXTargetDependency */ = {
			isa = PBXTargetDependency;
			target = 962430DE1BD4085F002ED708 /* tripPlanner */;
			targetProxy = 962431021BD4085F002ED708 /* PBXContainerItemProxy */;
		};
/* End PBXTargetDependency section */

/* Begin PBXVariantGroup section */
		962430E61BD4085F002ED708 /* Main.storyboard */ = {
			isa = PBXVariantGroup;
			children = (
				962430E71BD4085F002ED708 /* Base */,
			);
			name = Main.storyboard;
			sourceTree = "<group>";
		};
		962430EE1BD4085F002ED708 /* LaunchScreen.storyboard */ = {
			isa = PBXVariantGroup;
			children = (
				962430EF1BD4085F002ED708 /* Base */,
			);
			name = LaunchScreen.storyboard;
			sourceTree = "<group>";
		};
/* End PBXVariantGroup section */

/* Begin XCBuildConfiguration section */
		962431081BD4085F002ED708 /* Debug */ = {
			isa = XCBuildConfiguration;
			buildSettings = {
				ALWAYS_SEARCH_USER_PATHS = NO;
				CLANG_CXX_LANGUAGE_STANDARD = "gnu++0x";
				CLANG_CXX_LIBRARY = "libc++";
				CLANG_ENABLE_MODULES = YES;
				CLANG_ENABLE_OBJC_ARC = YES;
				CLANG_WARN_BOOL_CONVERSION = YES;
				CLANG_WARN_CONSTANT_CONVERSION = YES;
				CLANG_WARN_DIRECT_OBJC_ISA_USAGE = YES_ERROR;
				CLANG_WARN_EMPTY_BODY = YES;
				CLANG_WARN_ENUM_CONVERSION = YES;
				CLANG_WARN_INT_CONVERSION = YES;
				CLANG_WARN_OBJC_ROOT_CLASS = YES_ERROR;
				CLANG_WARN_UNREACHABLE_CODE = YES;
				CLANG_WARN__DUPLICATE_METHOD_MATCH = YES;
				"CODE_SIGN_IDENTITY[sdk=iphoneos*]" = "iPhone Developer";
				COPY_PHASE_STRIP = NO;
				DEBUG_INFORMATION_FORMAT = dwarf;
				ENABLE_STRICT_OBJC_MSGSEND = YES;
				ENABLE_TESTABILITY = YES;
				GCC_C_LANGUAGE_STANDARD = gnu99;
				GCC_DYNAMIC_NO_PIC = NO;
				GCC_NO_COMMON_BLOCKS = YES;
				GCC_OPTIMIZATION_LEVEL = 0;
				GCC_PREPROCESSOR_DEFINITIONS = (
					"DEBUG=1",
					"$(inherited)",
				);
				GCC_WARN_64_TO_32_BIT_CONVERSION = YES;
				GCC_WARN_ABOUT_RETURN_TYPE = YES_ERROR;
				GCC_WARN_UNDECLARED_SELECTOR = YES;
				GCC_WARN_UNINITIALIZED_AUTOS = YES_AGGRESSIVE;
				GCC_WARN_UNUSED_FUNCTION = YES;
				GCC_WARN_UNUSED_VARIABLE = YES;
				IPHONEOS_DEPLOYMENT_TARGET = 9.0;
				MTL_ENABLE_DEBUG_INFO = YES;
				ONLY_ACTIVE_ARCH = YES;
				SDKROOT = iphoneos;
				SWIFT_OPTIMIZATION_LEVEL = "-Onone";
				TARGETED_DEVICE_FAMILY = "1,2";
			};
			name = Debug;
		};
		962431091BD4085F002ED708 /* Release */ = {
			isa = XCBuildConfiguration;
			buildSettings = {
				ALWAYS_SEARCH_USER_PATHS = NO;
				CLANG_CXX_LANGUAGE_STANDARD = "gnu++0x";
				CLANG_CXX_LIBRARY = "libc++";
				CLANG_ENABLE_MODULES = YES;
				CLANG_ENABLE_OBJC_ARC = YES;
				CLANG_WARN_BOOL_CONVERSION = YES;
				CLANG_WARN_CONSTANT_CONVERSION = YES;
				CLANG_WARN_DIRECT_OBJC_ISA_USAGE = YES_ERROR;
				CLANG_WARN_EMPTY_BODY = YES;
				CLANG_WARN_ENUM_CONVERSION = YES;
				CLANG_WARN_INT_CONVERSION = YES;
				CLANG_WARN_OBJC_ROOT_CLASS = YES_ERROR;
				CLANG_WARN_UNREACHABLE_CODE = YES;
				CLANG_WARN__DUPLICATE_METHOD_MATCH = YES;
				"CODE_SIGN_IDENTITY[sdk=iphoneos*]" = "iPhone Developer";
				COPY_PHASE_STRIP = NO;
				DEBUG_INFORMATION_FORMAT = "dwarf-with-dsym";
				ENABLE_NS_ASSERTIONS = NO;
				ENABLE_STRICT_OBJC_MSGSEND = YES;
				GCC_C_LANGUAGE_STANDARD = gnu99;
				GCC_NO_COMMON_BLOCKS = YES;
				GCC_WARN_64_TO_32_BIT_CONVERSION = YES;
				GCC_WARN_ABOUT_RETURN_TYPE = YES_ERROR;
				GCC_WARN_UNDECLARED_SELECTOR = YES;
				GCC_WARN_UNINITIALIZED_AUTOS = YES_AGGRESSIVE;
				GCC_WARN_UNUSED_FUNCTION = YES;
				GCC_WARN_UNUSED_VARIABLE = YES;
				IPHONEOS_DEPLOYMENT_TARGET = 9.0;
				MTL_ENABLE_DEBUG_INFO = NO;
				SDKROOT = iphoneos;
				TARGETED_DEVICE_FAMILY = "1,2";
				VALIDATE_PRODUCT = YES;
			};
			name = Release;
		};
		9624310B1BD4085F002ED708 /* Debug */ = {
			isa = XCBuildConfiguration;
			baseConfigurationReference = E9BB5912702ACD1D1788FEDD /* Pods.debug.xcconfig */;
			buildSettings = {
				ASSETCATALOG_COMPILER_APPICON_NAME = AppIcon;
				CLANG_ENABLE_MODULES = YES;
				INFOPLIST_FILE = tripPlanner/Info.plist;
				LD_RUNPATH_SEARCH_PATHS = "$(inherited) @executable_path/Frameworks";
				PRODUCT_BUNDLE_IDENTIFIER = andreilys.tripPlanner;
				PRODUCT_NAME = "$(TARGET_NAME)";
				SWIFT_OBJC_BRIDGING_HEADER = "tripPlanner/tripPlanner-Bridging-Header.h";
				SWIFT_OPTIMIZATION_LEVEL = "-Onone";
			};
			name = Debug;
		};
		9624310C1BD4085F002ED708 /* Release */ = {
			isa = XCBuildConfiguration;
			baseConfigurationReference = D4943BCFBCEAFB7EFB12CF50 /* Pods.release.xcconfig */;
			buildSettings = {
				ASSETCATALOG_COMPILER_APPICON_NAME = AppIcon;
				CLANG_ENABLE_MODULES = YES;
				INFOPLIST_FILE = tripPlanner/Info.plist;
				LD_RUNPATH_SEARCH_PATHS = "$(inherited) @executable_path/Frameworks";
				PRODUCT_BUNDLE_IDENTIFIER = andreilys.tripPlanner;
				PRODUCT_NAME = "$(TARGET_NAME)";
				SWIFT_OBJC_BRIDGING_HEADER = "tripPlanner/tripPlanner-Bridging-Header.h";
			};
			name = Release;
		};
		9624310E1BD4085F002ED708 /* Debug */ = {
			isa = XCBuildConfiguration;
			baseConfigurationReference = 72C04F1ED6B92E703E499C25 /* Pods-tripPlannerTests.debug.xcconfig */;
			buildSettings = {
				BUNDLE_LOADER = "$(TEST_HOST)";
				INFOPLIST_FILE = tripPlannerTests/Info.plist;
				LD_RUNPATH_SEARCH_PATHS = "$(inherited) @executable_path/Frameworks @loader_path/Frameworks";
				PRODUCT_BUNDLE_IDENTIFIER = andreilys.tripPlannerTests;
				PRODUCT_NAME = "$(TARGET_NAME)";
				TEST_HOST = "$(BUILT_PRODUCTS_DIR)/tripPlanner.app/tripPlanner";
			};
			name = Debug;
		};
		9624310F1BD4085F002ED708 /* Release */ = {
			isa = XCBuildConfiguration;
			baseConfigurationReference = 5DD1138065B837F8B9A7AC98 /* Pods-tripPlannerTests.release.xcconfig */;
			buildSettings = {
				BUNDLE_LOADER = "$(TEST_HOST)";
				INFOPLIST_FILE = tripPlannerTests/Info.plist;
				LD_RUNPATH_SEARCH_PATHS = "$(inherited) @executable_path/Frameworks @loader_path/Frameworks";
				PRODUCT_BUNDLE_IDENTIFIER = andreilys.tripPlannerTests;
				PRODUCT_NAME = "$(TARGET_NAME)";
				TEST_HOST = "$(BUILT_PRODUCTS_DIR)/tripPlanner.app/tripPlanner";
			};
			name = Release;
		};
		962431111BD4085F002ED708 /* Debug */ = {
			isa = XCBuildConfiguration;
			buildSettings = {
				INFOPLIST_FILE = tripPlannerUITests/Info.plist;
				LD_RUNPATH_SEARCH_PATHS = "$(inherited) @executable_path/Frameworks @loader_path/Frameworks";
				PRODUCT_BUNDLE_IDENTIFIER = andreilys.tripPlannerUITests;
				PRODUCT_NAME = "$(TARGET_NAME)";
				TEST_TARGET_NAME = tripPlanner;
				USES_XCTRUNNER = YES;
			};
			name = Debug;
		};
		962431121BD4085F002ED708 /* Release */ = {
			isa = XCBuildConfiguration;
			buildSettings = {
				INFOPLIST_FILE = tripPlannerUITests/Info.plist;
				LD_RUNPATH_SEARCH_PATHS = "$(inherited) @executable_path/Frameworks @loader_path/Frameworks";
				PRODUCT_BUNDLE_IDENTIFIER = andreilys.tripPlannerUITests;
				PRODUCT_NAME = "$(TARGET_NAME)";
				TEST_TARGET_NAME = tripPlanner;
				USES_XCTRUNNER = YES;
			};
			name = Release;
		};
/* End XCBuildConfiguration section */

/* Begin XCConfigurationList section */
		962430DA1BD4085F002ED708 /* Build configuration list for PBXProject "tripPlanner" */ = {
			isa = XCConfigurationList;
			buildConfigurations = (
				962431081BD4085F002ED708 /* Debug */,
				962431091BD4085F002ED708 /* Release */,
			);
			defaultConfigurationIsVisible = 0;
			defaultConfigurationName = Release;
		};
		9624310A1BD4085F002ED708 /* Build configuration list for PBXNativeTarget "tripPlanner" */ = {
			isa = XCConfigurationList;
			buildConfigurations = (
				9624310B1BD4085F002ED708 /* Debug */,
				9624310C1BD4085F002ED708 /* Release */,
			);
			defaultConfigurationIsVisible = 0;
			defaultConfigurationName = Release;
		};
		9624310D1BD4085F002ED708 /* Build configuration list for PBXNativeTarget "tripPlannerTests" */ = {
			isa = XCConfigurationList;
			buildConfigurations = (
				9624310E1BD4085F002ED708 /* Debug */,
				9624310F1BD4085F002ED708 /* Release */,
			);
			defaultConfigurationIsVisible = 0;
			defaultConfigurationName = Release;
		};
		962431101BD4085F002ED708 /* Build configuration list for PBXNativeTarget "tripPlannerUITests" */ = {
			isa = XCConfigurationList;
			buildConfigurations = (
				962431111BD4085F002ED708 /* Debug */,
				962431121BD4085F002ED708 /* Release */,
			);
			defaultConfigurationIsVisible = 0;
			defaultConfigurationName = Release;
		};
/* End XCConfigurationList section */

/* Begin XCVersionGroup section */
		962430E91BD4085F002ED708 /* tripPlanner.xcdatamodeld */ = {
			isa = XCVersionGroup;
			children = (
				962430EA1BD4085F002ED708 /* tripPlanner.xcdatamodel */,
			);
			currentVersion = 962430EA1BD4085F002ED708 /* tripPlanner.xcdatamodel */;
			path = tripPlanner.xcdatamodeld;
			sourceTree = "<group>";
			versionGroupType = wrapper.xcdatamodel;
		};
/* End XCVersionGroup section */
	};
	rootObject = 962430D71BD4085F002ED708 /* Project object */;
}
